// !$*UTF8*$!
{
	archiveVersion = 1;
	classes = {
	};
	objectVersion = 55;
	objects = {

/* Begin PBXBuildFile section */
		13BA90EA2959C38D00C37E9A /* AppDelegate.swift in Sources */ = {isa = PBXBuildFile; fileRef = 13BA90E92959C38D00C37E9A /* AppDelegate.swift */; };
		13BA90EC2959C38D00C37E9A /* SceneDelegate.swift in Sources */ = {isa = PBXBuildFile; fileRef = 13BA90EB2959C38D00C37E9A /* SceneDelegate.swift */; };
		13BA90EE2959C38D00C37E9A /* ViewController.swift in Sources */ = {isa = PBXBuildFile; fileRef = 13BA90ED2959C38D00C37E9A /* ViewController.swift */; };
		13BA90F12959C38D00C37E9A /* Main.storyboard in Resources */ = {isa = PBXBuildFile; fileRef = 13BA90EF2959C38D00C37E9A /* Main.storyboard */; };
		13BA90F32959C39200C37E9A /* Assets.xcassets in Resources */ = {isa = PBXBuildFile; fileRef = 13BA90F22959C39200C37E9A /* Assets.xcassets */; };
		13BA90F62959C39200C37E9A /* LaunchScreen.storyboard in Resources */ = {isa = PBXBuildFile; fileRef = 13BA90F42959C39200C37E9A /* LaunchScreen.storyboard */; };
		13BA91012959C39300C37E9A /* RandomColorsTests.swift in Sources */ = {isa = PBXBuildFile; fileRef = 13BA91002959C39300C37E9A /* RandomColorsTests.swift */; };
		13BA910B2959C39300C37E9A /* RandomColorsUITests.swift in Sources */ = {isa = PBXBuildFile; fileRef = 13BA910A2959C39300C37E9A /* RandomColorsUITests.swift */; };
		13BA910D2959C39300C37E9A /* RandomColorsUITestsLaunchTests.swift in Sources */ = {isa = PBXBuildFile; fileRef = 13BA910C2959C39300C37E9A /* RandomColorsUITestsLaunchTests.swift */; };
/* End PBXBuildFile section */

/* Begin PBXContainerItemProxy section */
		13BA90FD2959C39300C37E9A /* PBXContainerItemProxy */ = {
			isa = PBXContainerItemProxy;
			containerPortal = 13BA90DE2959C38D00C37E9A /* Project object */;
			proxyType = 1;
			remoteGlobalIDString = 13BA90E52959C38D00C37E9A;
			remoteInfo = RandomColors;
		};
		13BA91072959C39300C37E9A /* PBXContainerItemProxy */ = {
			isa = PBXContainerItemProxy;
			containerPortal = 13BA90DE2959C38D00C37E9A /* Project object */;
			proxyType = 1;
			remoteGlobalIDString = 13BA90E52959C38D00C37E9A;
			remoteInfo = RandomColors;
		};
/* End PBXContainerItemProxy section */

/* Begin PBXFileReference section */
		13BA90E62959C38D00C37E9A /* RandomColors.app */ = {isa = PBXFileReference; explicitFileType = wrapper.application; includeInIndex = 0; path = RandomColors.app; sourceTree = BUILT_PRODUCTS_DIR; };
		13BA90E92959C38D00C37E9A /* AppDelegate.swift */ = {isa = PBXFileReference; lastKnownFileType = sourcecode.swift; path = AppDelegate.swift; sourceTree = "<group>"; };
		13BA90EB2959C38D00C37E9A /* SceneDelegate.swift */ = {isa = PBXFileReference; lastKnownFileType = sourcecode.swift; path = SceneDelegate.swift; sourceTree = "<group>"; };
		13BA90ED2959C38D00C37E9A /* ViewController.swift */ = {isa = PBXFileReference; lastKnownFileType = sourcecode.swift; path = ViewController.swift; sourceTree = "<group>"; };
		13BA90F02959C38D00C37E9A /* Base */ = {isa = PBXFileReference; lastKnownFileType = file.storyboard; name = Base; path = Base.lproj/Main.storyboard; sourceTree = "<group>"; };
		13BA90F22959C39200C37E9A /* Assets.xcassets */ = {isa = PBXFileReference; lastKnownFileType = folder.assetcatalog; path = Assets.xcassets; sourceTree = "<group>"; };
		13BA90F52959C39200C37E9A /* Base */ = {isa = PBXFileReference; lastKnownFileType = file.storyboard; name = Base; path = Base.lproj/LaunchScreen.storyboard; sourceTree = "<group>"; };
		13BA90F72959C39200C37E9A /* Info.plist */ = {isa = PBXFileReference; lastKnownFileType = text.plist.xml; path = Info.plist; sourceTree = "<group>"; };
		13BA90FC2959C39300C37E9A /* RandomColorsTests.xctest */ = {isa = PBXFileReference; explicitFileType = wrapper.cfbundle; includeInIndex = 0; path = RandomColorsTests.xctest; sourceTree = BUILT_PRODUCTS_DIR; };
		13BA91002959C39300C37E9A /* RandomColorsTests.swift */ = {isa = PBXFileReference; lastKnownFileType = sourcecode.swift; path = RandomColorsTests.swift; sourceTree = "<group>"; };
		13BA91062959C39300C37E9A /* RandomColorsUITests.xctest */ = {isa = PBXFileReference; explicitFileType = wrapper.cfbundle; includeInIndex = 0; path = RandomColorsUITests.xctest; sourceTree = BUILT_PRODUCTS_DIR; };
		13BA910A2959C39300C37E9A /* RandomColorsUITests.swift */ = {isa = PBXFileReference; lastKnownFileType = sourcecode.swift; path = RandomColorsUITests.swift; sourceTree = "<group>"; };
		13BA910C2959C39300C37E9A /* RandomColorsUITestsLaunchTests.swift */ = {isa = PBXFileReference; lastKnownFileType = sourcecode.swift; path = RandomColorsUITestsLaunchTests.swift; sourceTree = "<group>"; };
/* End PBXFileReference section */

/* Begin PBXFrameworksBuildPhase section */
		13BA90E32959C38D00C37E9A /* Frameworks */ = {
			isa = PBXFrameworksBuildPhase;
			buildActionMask = 2147483647;
			files = (
			);
			runOnlyForDeploymentPostprocessing = 0;
		};
		13BA90F92959C39300C37E9A /* Frameworks */ = {
			isa = PBXFrameworksBuildPhase;
			buildActionMask = 2147483647;
			files = (
			);
			runOnlyForDeploymentPostprocessing = 0;
		};
		13BA91032959C39300C37E9A /* Frameworks */ = {
			isa = PBXFrameworksBuildPhase;
			buildActionMask = 2147483647;
			files = (
			);
			runOnlyForDeploymentPostprocessing = 0;
		};
/* End PBXFrameworksBuildPhase section */

/* Begin PBXGroup section */
		13BA90DD2959C38D00C37E9A = {
			isa = PBXGroup;
			children = (
				13BA90E82959C38D00C37E9A /* RandomColors */,
				13BA90FF2959C39300C37E9A /* RandomColorsTests */,
				13BA91092959C39300C37E9A /* RandomColorsUITests */,
				13BA90E72959C38D00C37E9A /* Products */,
			);
			sourceTree = "<group>";
		};
		13BA90E72959C38D00C37E9A /* Products */ = {
			isa = PBXGroup;
			children = (
				13BA90E62959C38D00C37E9A /* RandomColors.app */,
				13BA90FC2959C39300C37E9A /* RandomColorsTests.xctest */,
				13BA91062959C39300C37E9A /* RandomColorsUITests.xctest */,
			);
			name = Products;
			sourceTree = "<group>";
		};
		13BA90E82959C38D00C37E9A /* RandomColors */ = {
			isa = PBXGroup;
			children = (
				13BA90E92959C38D00C37E9A /* AppDelegate.swift */,
				13BA90EB2959C38D00C37E9A /* SceneDelegate.swift */,
				13BA90ED2959C38D00C37E9A /* ViewController.swift */,
				13BA90EF2959C38D00C37E9A /* Main.storyboard */,
				13BA90F22959C39200C37E9A /* Assets.xcassets */,
				13BA90F42959C39200C37E9A /* LaunchScreen.storyboard */,
				13BA90F72959C39200C37E9A /* Info.plist */,
			);
			path = RandomColors;
			sourceTree = "<group>";
		};
		13BA90FF2959C39300C37E9A /* RandomColorsTests */ = {
			isa = PBXGroup;
			children = (
				13BA91002959C39300C37E9A /* RandomColorsTests.swift */,
			);
			path = RandomColorsTests;
			sourceTree = "<group>";
		};
		13BA91092959C39300C37E9A /* RandomColorsUITests */ = {
			isa = PBXGroup;
			children = (
				13BA910A2959C39300C37E9A /* RandomColorsUITests.swift */,
				13BA910C2959C39300C37E9A /* RandomColorsUITestsLaunchTests.swift */,
			);
			path = RandomColorsUITests;
			sourceTree = "<group>";
		};
/* End PBXGroup section */

/* Begin PBXNativeTarget section */
		13BA90E52959C38D00C37E9A /* RandomColors */ = {
			isa = PBXNativeTarget;
			buildConfigurationList = 13BA91102959C39300C37E9A /* Build configuration list for PBXNativeTarget "RandomColors" */;
			buildPhases = (
				13BA90E22959C38D00C37E9A /* Sources */,
				13BA90E32959C38D00C37E9A /* Frameworks */,
				13BA90E42959C38D00C37E9A /* Resources */,
			);
			buildRules = (
			);
			dependencies = (
			);
			name = RandomColors;
			productName = RandomColors;
			productReference = 13BA90E62959C38D00C37E9A /* RandomColors.app */;
			productType = "com.apple.product-type.application";
		};
		13BA90FB2959C39300C37E9A /* RandomColorsTests */ = {
			isa = PBXNativeTarget;
			buildConfigurationList = 13BA91132959C39300C37E9A /* Build configuration list for PBXNativeTarget "RandomColorsTests" */;
			buildPhases = (
				13BA90F82959C39300C37E9A /* Sources */,
				13BA90F92959C39300C37E9A /* Frameworks */,
				13BA90FA2959C39300C37E9A /* Resources */,
			);
			buildRules = (
			);
			dependencies = (
				13BA90FE2959C39300C37E9A /* PBXTargetDependency */,
			);
			name = RandomColorsTests;
			productName = RandomColorsTests;
			productReference = 13BA90FC2959C39300C37E9A /* RandomColorsTests.xctest */;
			productType = "com.apple.product-type.bundle.unit-test";
		};
		13BA91052959C39300C37E9A /* RandomColorsUITests */ = {
			isa = PBXNativeTarget;
			buildConfigurationList = 13BA91162959C39300C37E9A /* Build configuration list for PBXNativeTarget "RandomColorsUITests" */;
			buildPhases = (
				13BA91022959C39300C37E9A /* Sources */,
				13BA91032959C39300C37E9A /* Frameworks */,
				13BA91042959C39300C37E9A /* Resources */,
			);
			buildRules = (
			);
			dependencies = (
				13BA91082959C39300C37E9A /* PBXTargetDependency */,
			);
			name = RandomColorsUITests;
			productName = RandomColorsUITests;
			productReference = 13BA91062959C39300C37E9A /* RandomColorsUITests.xctest */;
			productType = "com.apple.product-type.bundle.ui-testing";
		};
/* End PBXNativeTarget section */

/* Begin PBXProject section */
		13BA90DE2959C38D00C37E9A /* Project object */ = {
			isa = PBXProject;
			attributes = {
				BuildIndependentTargetsInParallel = 1;
				LastSwiftUpdateCheck = 1340;
				LastUpgradeCheck = 1340;
				TargetAttributes = {
					13BA90E52959C38D00C37E9A = {
						CreatedOnToolsVersion = 13.4.1;
					};
					13BA90FB2959C39300C37E9A = {
						CreatedOnToolsVersion = 13.4.1;
						TestTargetID = 13BA90E52959C38D00C37E9A;
					};
					13BA91052959C39300C37E9A = {
						CreatedOnToolsVersion = 13.4.1;
						TestTargetID = 13BA90E52959C38D00C37E9A;
					};
				};
			};
			buildConfigurationList = 13BA90E12959C38D00C37E9A /* Build configuration list for PBXProject "RandomColors" */;
			compatibilityVersion = "Xcode 13.0";
			developmentRegion = en;
			hasScannedForEncodings = 0;
			knownRegions = (
				en,
				Base,
			);
			mainGroup = 13BA90DD2959C38D00C37E9A;
			productRefGroup = 13BA90E72959C38D00C37E9A /* Products */;
			projectDirPath = "";
			projectRoot = "";
			targets = (
				13BA90E52959C38D00C37E9A /* RandomColors */,
				13BA90FB2959C39300C37E9A /* RandomColorsTests */,
				13BA91052959C39300C37E9A /* RandomColorsUITests */,
			);
		};
/* End PBXProject section */

/* Begin PBXResourcesBuildPhase section */
		13BA90E42959C38D00C37E9A /* Resources */ = {
			isa = PBXResourcesBuildPhase;
			buildActionMask = 2147483647;
			files = (
				13BA90F62959C39200C37E9A /* LaunchScreen.storyboard in Resources */,
				13BA90F32959C39200C37E9A /* Assets.xcassets in Resources */,
				13BA90F12959C38D00C37E9A /* Main.storyboard in Resources */,
			);
			runOnlyForDeploymentPostprocessing = 0;
		};
		13BA90FA2959C39300C37E9A /* Resources */ = {
			isa = PBXResourcesBuildPhase;
			buildActionMask = 2147483647;
			files = (
			);
			runOnlyForDeploymentPostprocessing = 0;
		};
		13BA91042959C39300C37E9A /* Resources */ = {
			isa = PBXResourcesBuildPhase;
			buildActionMask = 2147483647;
			files = (
			);
			runOnlyForDeploymentPostprocessing = 0;
		};
/* End PBXResourcesBuildPhase section */

/* Begin PBXSourcesBuildPhase section */
		13BA90E22959C38D00C37E9A /* Sources */ = {
			isa = PBXSourcesBuildPhase;
			buildActionMask = 2147483647;
			files = (
				13BA90EE2959C38D00C37E9A /* ViewController.swift in Sources */,
				13BA90EA2959C38D00C37E9A /* AppDelegate.swift in Sources */,
				13BA90EC2959C38D00C37E9A /* SceneDelegate.swift in Sources */,
			);
			runOnlyForDeploymentPostprocessing = 0;
		};
		13BA90F82959C39300C37E9A /* Sources */ = {
			isa = PBXSourcesBuildPhase;
			buildActionMask = 2147483647;
			files = (
				13BA91012959C39300C37E9A /* RandomColorsTests.swift in Sources */,
			);
			runOnlyForDeploymentPostprocessing = 0;
		};
		13BA91022959C39300C37E9A /* Sources */ = {
			isa = PBXSourcesBuildPhase;
			buildActionMask = 2147483647;
			files = (
				13BA910B2959C39300C37E9A /* RandomColorsUITests.swift in Sources */,
				13BA910D2959C39300C37E9A /* RandomColorsUITestsLaunchTests.swift in Sources */,
			);
			runOnlyForDeploymentPostprocessing = 0;
		};
/* End PBXSourcesBuildPhase section */

/* Begin PBXTargetDependency section */
		13BA90FE2959C39300C37E9A /* PBXTargetDependency */ = {
			isa = PBXTargetDependency;
			target = 13BA90E52959C38D00C37E9A /* RandomColors */;
			targetProxy = 13BA90FD2959C39300C37E9A /* PBXContainerItemProxy */;
		};
		13BA91082959C39300C37E9A /* PBXTargetDependency */ = {
			isa = PBXTargetDependency;
			target = 13BA90E52959C38D00C37E9A /* RandomColors */;
			targetProxy = 13BA91072959C39300C37E9A /* PBXContainerItemProxy */;
		};
/* End PBXTargetDependency section */

/* Begin PBXVariantGroup section */
		13BA90EF2959C38D00C37E9A /* Main.storyboard */ = {
			isa = PBXVariantGroup;
			children = (
				13BA90F02959C38D00C37E9A /* Base */,
			);
			name = Main.storyboard;
			sourceTree = "<group>";
		};
		13BA90F42959C39200C37E9A /* LaunchScreen.storyboard */ = {
			isa = PBXVariantGroup;
			children = (
				13BA90F52959C39200C37E9A /* Base */,
			);
			name = LaunchScreen.storyboard;
			sourceTree = "<group>";
		};
/* End PBXVariantGroup section */

/* Begin XCBuildConfiguration section */
		13BA910E2959C39300C37E9A /* Debug */ = {
			isa = XCBuildConfiguration;
			buildSettings = {
				ALWAYS_SEARCH_USER_PATHS = NO;
				CLANG_ANALYZER_NONNULL = YES;
				CLANG_ANALYZER_NUMBER_OBJECT_CONVERSION = YES_AGGRESSIVE;
				CLANG_CXX_LANGUAGE_STANDARD = "gnu++17";
				CLANG_ENABLE_MODULES = YES;
				CLANG_ENABLE_OBJC_ARC = YES;
				CLANG_ENABLE_OBJC_WEAK = YES;
				CLANG_WARN_BLOCK_CAPTURE_AUTORELEASING = YES;
				CLANG_WARN_BOOL_CONVERSION = YES;
				CLANG_WARN_COMMA = YES;
				CLANG_WARN_CONSTANT_CONVERSION = YES;
				CLANG_WARN_DEPRECATED_OBJC_IMPLEMENTATIONS = YES;
				CLANG_WARN_DIRECT_OBJC_ISA_USAGE = YES_ERROR;
				CLANG_WARN_DOCUMENTATION_COMMENTS = YES;
				CLANG_WARN_EMPTY_BODY = YES;
				CLANG_WARN_ENUM_CONVERSION = YES;
				CLANG_WARN_INFINITE_RECURSION = YES;
				CLANG_WARN_INT_CONVERSION = YES;
				CLANG_WARN_NON_LITERAL_NULL_CONVERSION = YES;
				CLANG_WARN_OBJC_IMPLICIT_RETAIN_SELF = YES;
				CLANG_WARN_OBJC_LITERAL_CONVERSION = YES;
				CLANG_WARN_OBJC_ROOT_CLASS = YES_ERROR;
				CLANG_WARN_QUOTED_INCLUDE_IN_FRAMEWORK_HEADER = YES;
				CLANG_WARN_RANGE_LOOP_ANALYSIS = YES;
				CLANG_WARN_STRICT_PROTOTYPES = YES;
				CLANG_WARN_SUSPICIOUS_MOVE = YES;
				CLANG_WARN_UNGUARDED_AVAILABILITY = YES_AGGRESSIVE;
				CLANG_WARN_UNREACHABLE_CODE = YES;
				CLANG_WARN__DUPLICATE_METHOD_MATCH = YES;
				COPY_PHASE_STRIP = NO;
				DEBUG_INFORMATION_FORMAT = dwarf;
				ENABLE_STRICT_OBJC_MSGSEND = YES;
				ENABLE_TESTABILITY = YES;
				GCC_C_LANGUAGE_STANDARD = gnu11;
				GCC_DYNAMIC_NO_PIC = NO;
				GCC_NO_COMMON_BLOCKS = YES;
				GCC_OPTIMIZATION_LEVEL = 0;
				GCC_PREPROCESSOR_DEFINITIONS = (
					"DEBUG=1",
					"$(inherited)",
				);
				GCC_WARN_64_TO_32_BIT_CONVERSION = YES;
				GCC_WARN_ABOUT_RETURN_TYPE = YES_ERROR;
				GCC_WARN_UNDECLARED_SELECTOR = YES;
				GCC_WARN_UNINITIALIZED_AUTOS = YES_AGGRESSIVE;
				GCC_WARN_UNUSED_FUNCTION = YES;
				GCC_WARN_UNUSED_VARIABLE = YES;
				IPHONEOS_DEPLOYMENT_TARGET = 15.5;
				MTL_ENABLE_DEBUG_INFO = INCLUDE_SOURCE;
				MTL_FAST_MATH = YES;
				ONLY_ACTIVE_ARCH = YES;
				SDKROOT = iphoneos;
				SWIFT_ACTIVE_COMPILATION_CONDITIONS = DEBUG;
				SWIFT_OPTIMIZATION_LEVEL = "-Onone";
			};
			name = Debug;
		};
		13BA910F2959C39300C37E9A /* Release */ = {
			isa = XCBuildConfiguration;
			buildSettings = {
				ALWAYS_SEARCH_USER_PATHS = NO;
				CLANG_ANALYZER_NONNULL = YES;
				CLANG_ANALYZER_NUMBER_OBJECT_CONVERSION = YES_AGGRESSIVE;
				CLANG_CXX_LANGUAGE_STANDARD = "gnu++17";
				CLANG_ENABLE_MODULES = YES;
				CLANG_ENABLE_OBJC_ARC = YES;
				CLANG_ENABLE_OBJC_WEAK = YES;
				CLANG_WARN_BLOCK_CAPTURE_AUTORELEASING = YES;
				CLANG_WARN_BOOL_CONVERSION = YES;
				CLANG_WARN_COMMA = YES;
				CLANG_WARN_CONSTANT_CONVERSION = YES;
				CLANG_WARN_DEPRECATED_OBJC_IMPLEMENTATIONS = YES;
				CLANG_WARN_DIRECT_OBJC_ISA_USAGE = YES_ERROR;
				CLANG_WARN_DOCUMENTATION_COMMENTS = YES;
				CLANG_WARN_EMPTY_BODY = YES;
				CLANG_WARN_ENUM_CONVERSION = YES;
				CLANG_WARN_INFINITE_RECURSION = YES;
				CLANG_WARN_INT_CONVERSION = YES;
				CLANG_WARN_NON_LITERAL_NULL_CONVERSION = YES;
				CLANG_WARN_OBJC_IMPLICIT_RETAIN_SELF = YES;
				CLANG_WARN_OBJC_LITERAL_CONVERSION = YES;
				CLANG_WARN_OBJC_ROOT_CLASS = YES_ERROR;
				CLANG_WARN_QUOTED_INCLUDE_IN_FRAMEWORK_HEADER = YES;
				CLANG_WARN_RANGE_LOOP_ANALYSIS = YES;
				CLANG_WARN_STRICT_PROTOTYPES = YES;
				CLANG_WARN_SUSPICIOUS_MOVE = YES;
				CLANG_WARN_UNGUARDED_AVAILABILITY = YES_AGGRESSIVE;
				CLANG_WARN_UNREACHABLE_CODE = YES;
				CLANG_WARN__DUPLICATE_METHOD_MATCH = YES;
				COPY_PHASE_STRIP = NO;
				DEBUG_INFORMATION_FORMAT = "dwarf-with-dsym";
				ENABLE_NS_ASSERTIONS = NO;
				ENABLE_STRICT_OBJC_MSGSEND = YES;
				GCC_C_LANGUAGE_STANDARD = gnu11;
				GCC_NO_COMMON_BLOCKS = YES;
				GCC_WARN_64_TO_32_BIT_CONVERSION = YES;
				GCC_WARN_ABOUT_RETURN_TYPE = YES_ERROR;
				GCC_WARN_UNDECLARED_SELECTOR = YES;
				GCC_WARN_UNINITIALIZED_AUTOS = YES_AGGRESSIVE;
				GCC_WARN_UNUSED_FUNCTION = YES;
				GCC_WARN_UNUSED_VARIABLE = YES;
				IPHONEOS_DEPLOYMENT_TARGET = 15.5;
				MTL_ENABLE_DEBUG_INFO = NO;
				MTL_FAST_MATH = YES;
				SDKROOT = iphoneos;
				SWIFT_COMPILATION_MODE = wholemodule;
				SWIFT_OPTIMIZATION_LEVEL = "-O";
				VALIDATE_PRODUCT = YES;
			};
			name = Release;
		};
		13BA91112959C39300C37E9A /* Debug */ = {
			isa = XCBuildConfiguration;
			buildSettings = {
				ASSETCATALOG_COMPILER_APPICON_NAME = AppIcon;
				ASSETCATALOG_COMPILER_GLOBAL_ACCENT_COLOR_NAME = AccentColor;
				CODE_SIGN_STYLE = Automatic;
				CURRENT_PROJECT_VERSION = 1;
				DEVELOPMENT_TEAM = P7WPABWLSN;
				GENERATE_INFOPLIST_FILE = YES;
				INFOPLIST_FILE = RandomColors/Info.plist;
				INFOPLIST_KEY_UIApplicationSupportsIndirectInputEvents = YES;
				INFOPLIST_KEY_UILaunchStoryboardName = LaunchScreen;
				INFOPLIST_KEY_UIMainStoryboardFile = Main;
				INFOPLIST_KEY_UISupportedInterfaceOrientations_iPad = "UIInterfaceOrientationPortrait UIInterfaceOrientationPortraitUpsideDown UIInterfaceOrientationLandscapeLeft UIInterfaceOrientationLandscapeRight";
				INFOPLIST_KEY_UISupportedInterfaceOrientations_iPhone = "UIInterfaceOrientationPortrait UIInterfaceOrientationLandscapeLeft UIInterfaceOrientationLandscapeRight";
				LD_RUNPATH_SEARCH_PATHS = (
					"$(inherited)",
					"@executable_path/Frameworks",
				);
				MARKETING_VERSION = 1.0;
				PRODUCT_BUNDLE_IDENTIFIER = esmaeili.RandomColors;
				PRODUCT_NAME = "$(TARGET_NAME)";
				SWIFT_EMIT_LOC_STRINGS = YES;
				SWIFT_VERSION = 5.0;
				TARGETED_DEVICE_FAMILY = "1,2";
			};
			name = Debug;
		};
		13BA91122959C39300C37E9A /* Release */ = {
			isa = XCBuildConfiguration;
			buildSettings = {
				ASSETCATALOG_COMPILER_APPICON_NAME = AppIcon;
				ASSETCATALOG_COMPILER_GLOBAL_ACCENT_COLOR_NAME = AccentColor;
				CODE_SIGN_STYLE = Automatic;
				CURRENT_PROJECT_VERSION = 1;
				DEVELOPMENT_TEAM = P7WPABWLSN;
				GENERATE_INFOPLIST_FILE = YES;
				INFOPLIST_FILE = RandomColors/Info.plist;
				INFOPLIST_KEY_UIApplicationSupportsIndirectInputEvents = YES;
				INFOPLIST_KEY_UILaunchStoryboardName = LaunchScreen;
				INFOPLIST_KEY_UIMainStoryboardFile = Main;
				INFOPLIST_KEY_UISupportedInterfaceOrientations_iPad = "UIInterfaceOrientationPortrait UIInterfaceOrientationPortraitUpsideDown UIInterfaceOrientationLandscapeLeft UIInterfaceOrientationLandscapeRight";
				INFOPLIST_KEY_UISupportedInterfaceOrientations_iPhone = "UIInterfaceOrientationPortrait UIInterfaceOrientationLandscapeLeft UIInterfaceOrientationLandscapeRight";
				LD_RUNPATH_SEARCH_PATHS = (
					"$(inherited)",
					"@executable_path/Frameworks",
				);
				MARKETING_VERSION = 1.0;
				PRODUCT_BUNDLE_IDENTIFIER = esmaeili.RandomColors;
				PRODUCT_NAME = "$(TARGET_NAME)";
				SWIFT_EMIT_LOC_STRINGS = YES;
				SWIFT_VERSION = 5.0;
				TARGETED_DEVICE_FAMILY = "1,2";
			};
			name = Release;
		};
		13BA91142959C39300C37E9A /* Debug */ = {
			isa = XCBuildConfiguration;
			buildSettings = {
				ALWAYS_EMBED_SWIFT_STANDARD_LIBRARIES = YES;
				BUNDLE_LOADER = "$(TEST_HOST)";
				CODE_SIGN_STYLE = Automatic;
				CURRENT_PROJECT_VERSION = 1;
				DEVELOPMENT_TEAM = P7WPABWLSN;
				GENERATE_INFOPLIST_FILE = YES;
				IPHONEOS_DEPLOYMENT_TARGET = 15.5;
				MARKETING_VERSION = 1.0;
				PRODUCT_BUNDLE_IDENTIFIER = esmaeili.RandomColorsTests;
				PRODUCT_NAME = "$(TARGET_NAME)";
				SWIFT_EMIT_LOC_STRINGS = NO;
				SWIFT_VERSION = 5.0;
				TARGETED_DEVICE_FAMILY = "1,2";
				TEST_HOST = "$(BUILT_PRODUCTS_DIR)/RandomColors.app/RandomColors";
			};
			name = Debug;
		};
		13BA91152959C39300C37E9A /* Release */ = {
			isa = XCBuildConfiguration;
			buildSettings = {
				ALWAYS_EMBED_SWIFT_STANDARD_LIBRARIES = YES;
				BUNDLE_LOADER = "$(TEST_HOST)";
				CODE_SIGN_STYLE = Automatic;
				CURRENT_PROJECT_VERSION = 1;
				DEVELOPMENT_TEAM = P7WPABWLSN;
				GENERATE_INFOPLIST_FILE = YES;
				IPHONEOS_DEPLOYMENT_TARGET = 15.5;
				MARKETING_VERSION = 1.0;
				PRODUCT_BUNDLE_IDENTIFIER = esmaeili.RandomColorsTests;
				PRODUCT_NAME = "$(TARGET_NAME)";
				SWIFT_EMIT_LOC_STRINGS = NO;
				SWIFT_VERSION = 5.0;
				TARGETED_DEVICE_FAMILY = "1,2";
				TEST_HOST = "$(BUILT_PRODUCTS_DIR)/RandomColors.app/RandomColors";
			};
			name = Release;
		};
		13BA91172959C39300C37E9A /* Debug */ = {
			isa = XCBuildConfiguration;
			buildSettings = {
				ALWAYS_EMBED_SWIFT_STANDARD_LIBRARIES = YES;
				CODE_SIGN_STYLE = Automatic;
				CURRENT_PROJECT_VERSION = 1;
				DEVELOPMENT_TEAM = P7WPABWLSN;
				GENERATE_INFOPLIST_FILE = YES;
				MARKETING_VERSION = 1.0;
				PRODUCT_BUNDLE_IDENTIFIER = esmaeili.RandomColorsUITests;
				PRODUCT_NAME = "$(TARGET_NAME)";
				SWIFT_EMIT_LOC_STRINGS = NO;
				SWIFT_VERSION = 5.0;
				TARGETED_DEVICE_FAMILY = "1,2";
				TEST_TARGET_NAME = RandomColors;
			};
			name = Debug;
		};
		13BA91182959C39300C37E9A /* Release */ = {
			isa = XCBuildConfiguration;
			buildSettings = {
				ALWAYS_EMBED_SWIFT_STANDARD_LIBRARIES = YES;
				CODE_SIGN_STYLE = Automatic;
				CURRENT_PROJECT_VERSION = 1;
				DEVELOPMENT_TEAM = P7WPABWLSN;
				GENERATE_INFOPLIST_FILE = YES;
				MARKETING_VERSION = 1.0;
				PRODUCT_BUNDLE_IDENTIFIER = esmaeili.RandomColorsUITests;
				PRODUCT_NAME = "$(TARGET_NAME)";
				SWIFT_EMIT_LOC_STRINGS = NO;
				SWIFT_VERSION = 5.0;
				TARGETED_DEVICE_FAMILY = "1,2";
				TEST_TARGET_NAME = RandomColors;
			};
			name = Release;
		};
/* End XCBuildConfiguration section */

/* Begin XCConfigurationList section */
		13BA90E12959C38D00C37E9A /* Build configuration list for PBXProject "RandomColors" */ = {
			isa = XCConfigurationList;
			buildConfigurations = (
				13BA910E2959C39300C37E9A /* Debug */,
				13BA910F2959C39300C37E9A /* Release */,
			);
			defaultConfigurationIsVisible = 0;
			defaultConfigurationName = Release;
		};
		13BA91102959C39300C37E9A /* Build configuration list for PBXNativeTarget "RandomColors" */ = {
			isa = XCConfigurationList;
			buildConfigurations = (
				13BA91112959C39300C37E9A /* Debug */,
				13BA91122959C39300C37E9A /* Release */,
			);
			defaultConfigurationIsVisible = 0;
			defaultConfigurationName = Release;
		};
		13BA91132959C39300C37E9A /* Build configuration list for PBXNativeTarget "RandomColorsTests" */ = {
			isa = XCConfigurationList;
			buildConfigurations = (
				13BA91142959C39300C37E9A /* Debug */,
				13BA91152959C39300C37E9A /* Release */,
			);
			defaultConfigurationIsVisible = 0;
			defaultConfigurationName = Release;
		};
		13BA91162959C39300C37E9A /* Build configuration list for PBXNativeTarget "RandomColorsUITests" */ = {
			isa = XCConfigurationList;
			buildConfigurations = (
				13BA91172959C39300C37E9A /* Debug */,
				13BA91182959C39300C37E9A /* Release */,
			);
			defaultConfigurationIsVisible = 0;
			defaultConfigurationName = Release;
		};
/* End XCConfigurationList section */
	};
	rootObject = 13BA90DE2959C38D00C37E9A /* Project object */;
}
